// !$*UTF8*$!
{
	archiveVersion = 1;
	classes = {
	};
	objectVersion = 56;
	objects = {

/* Begin PBXBuildFile section */
		3F8DAD2C2AD0728F0038A967 /* WellApp.swift in Sources */ = {isa = PBXBuildFile; fileRef = 3F8DAD2B2AD0728F0038A967 /* WellApp.swift */; };
		3F8DAD2E2AD0728F0038A967 /* ContentView.swift in Sources */ = {isa = PBXBuildFile; fileRef = 3F8DAD2D2AD0728F0038A967 /* ContentView.swift */; };
		3F8DAD302AD072900038A967 /* Assets.xcassets in Resources */ = {isa = PBXBuildFile; fileRef = 3F8DAD2F2AD072900038A967 /* Assets.xcassets */; };
		3F8DAD342AD072900038A967 /* Preview Assets.xcassets in Resources */ = {isa = PBXBuildFile; fileRef = 3F8DAD332AD072900038A967 /* Preview Assets.xcassets */; };
		3F8DAD3E2AD072900038A967 /* WellTests.swift in Sources */ = {isa = PBXBuildFile; fileRef = 3F8DAD3D2AD072900038A967 /* WellTests.swift */; };
		3F8DAD482AD072900038A967 /* WellUITests.swift in Sources */ = {isa = PBXBuildFile; fileRef = 3F8DAD472AD072900038A967 /* WellUITests.swift */; };
		3F8DAD4A2AD072900038A967 /* WellUITestsLaunchTests.swift in Sources */ = {isa = PBXBuildFile; fileRef = 3F8DAD492AD072900038A967 /* WellUITestsLaunchTests.swift */; };
/* End PBXBuildFile section */

/* Begin PBXContainerItemProxy section */
		3F8DAD3A2AD072900038A967 /* PBXContainerItemProxy */ = {
			isa = PBXContainerItemProxy;
			containerPortal = 3F8DAD202AD0728F0038A967 /* Project object */;
			proxyType = 1;
			remoteGlobalIDString = 3F8DAD272AD0728F0038A967;
			remoteInfo = Well;
		};
		3F8DAD442AD072900038A967 /* PBXContainerItemProxy */ = {
			isa = PBXContainerItemProxy;
			containerPortal = 3F8DAD202AD0728F0038A967 /* Project object */;
			proxyType = 1;
			remoteGlobalIDString = 3F8DAD272AD0728F0038A967;
			remoteInfo = Well;
		};
/* End PBXContainerItemProxy section */

/* Begin PBXFileReference section */
		3F8DAD282AD0728F0038A967 /* Well.app */ = {isa = PBXFileReference; explicitFileType = wrapper.application; includeInIndex = 0; path = Well.app; sourceTree = BUILT_PRODUCTS_DIR; };
		3F8DAD2B2AD0728F0038A967 /* WellApp.swift */ = {isa = PBXFileReference; lastKnownFileType = sourcecode.swift; path = WellApp.swift; sourceTree = "<group>"; };
		3F8DAD2D2AD0728F0038A967 /* ContentView.swift */ = {isa = PBXFileReference; lastKnownFileType = sourcecode.swift; path = ContentView.swift; sourceTree = "<group>"; };
		3F8DAD2F2AD072900038A967 /* Assets.xcassets */ = {isa = PBXFileReference; lastKnownFileType = folder.assetcatalog; path = Assets.xcassets; sourceTree = "<group>"; };
		3F8DAD312AD072900038A967 /* Well.entitlements */ = {isa = PBXFileReference; lastKnownFileType = text.plist.entitlements; path = Well.entitlements; sourceTree = "<group>"; };
		3F8DAD332AD072900038A967 /* Preview Assets.xcassets */ = {isa = PBXFileReference; lastKnownFileType = folder.assetcatalog; path = "Preview Assets.xcassets"; sourceTree = "<group>"; };
		3F8DAD392AD072900038A967 /* WellTests.xctest */ = {isa = PBXFileReference; explicitFileType = wrapper.cfbundle; includeInIndex = 0; path = WellTests.xctest; sourceTree = BUILT_PRODUCTS_DIR; };
		3F8DAD3D2AD072900038A967 /* WellTests.swift */ = {isa = PBXFileReference; lastKnownFileType = sourcecode.swift; path = WellTests.swift; sourceTree = "<group>"; };
		3F8DAD432AD072900038A967 /* WellUITests.xctest */ = {isa = PBXFileReference; explicitFileType = wrapper.cfbundle; includeInIndex = 0; path = WellUITests.xctest; sourceTree = BUILT_PRODUCTS_DIR; };
		3F8DAD472AD072900038A967 /* WellUITests.swift */ = {isa = PBXFileReference; lastKnownFileType = sourcecode.swift; path = WellUITests.swift; sourceTree = "<group>"; };
		3F8DAD492AD072900038A967 /* WellUITestsLaunchTests.swift */ = {isa = PBXFileReference; lastKnownFileType = sourcecode.swift; path = WellUITestsLaunchTests.swift; sourceTree = "<group>"; };
/* End PBXFileReference section */

/* Begin PBXFrameworksBuildPhase section */
		3F8DAD252AD0728F0038A967 /* Frameworks */ = {
			isa = PBXFrameworksBuildPhase;
			buildActionMask = 2147483647;
			files = (
			);
			runOnlyForDeploymentPostprocessing = 0;
		};
		3F8DAD362AD072900038A967 /* Frameworks */ = {
			isa = PBXFrameworksBuildPhase;
			buildActionMask = 2147483647;
			files = (
			);
			runOnlyForDeploymentPostprocessing = 0;
		};
		3F8DAD402AD072900038A967 /* Frameworks */ = {
			isa = PBXFrameworksBuildPhase;
			buildActionMask = 2147483647;
			files = (
			);
			runOnlyForDeploymentPostprocessing = 0;
		};
/* End PBXFrameworksBuildPhase section */

/* Begin PBXGroup section */
		3F8DAD1F2AD0728F0038A967 = {
			isa = PBXGroup;
			children = (
				3F8DAD2A2AD0728F0038A967 /* Well */,
				3F8DAD3C2AD072900038A967 /* WellTests */,
				3F8DAD462AD072900038A967 /* WellUITests */,
				3F8DAD292AD0728F0038A967 /* Products */,
			);
			sourceTree = "<group>";
		};
		3F8DAD292AD0728F0038A967 /* Products */ = {
			isa = PBXGroup;
			children = (
				3F8DAD282AD0728F0038A967 /* Well.app */,
				3F8DAD392AD072900038A967 /* WellTests.xctest */,
				3F8DAD432AD072900038A967 /* WellUITests.xctest */,
			);
			name = Products;
			sourceTree = "<group>";
		};
		3F8DAD2A2AD0728F0038A967 /* Well */ = {
			isa = PBXGroup;
			children = (
				3F8DAD2B2AD0728F0038A967 /* WellApp.swift */,
				3F8DAD2D2AD0728F0038A967 /* ContentView.swift */,
				3F8DAD2F2AD072900038A967 /* Assets.xcassets */,
				3F8DAD312AD072900038A967 /* Well.entitlements */,
				3F8DAD322AD072900038A967 /* Preview Content */,
			);
			path = Well;
			sourceTree = "<group>";
		};
		3F8DAD322AD072900038A967 /* Preview Content */ = {
			isa = PBXGroup;
			children = (
				3F8DAD332AD072900038A967 /* Preview Assets.xcassets */,
			);
			path = "Preview Content";
			sourceTree = "<group>";
		};
		3F8DAD3C2AD072900038A967 /* WellTests */ = {
			isa = PBXGroup;
			children = (
				3F8DAD3D2AD072900038A967 /* WellTests.swift */,
			);
			path = WellTests;
			sourceTree = "<group>";
		};
		3F8DAD462AD072900038A967 /* WellUITests */ = {
			isa = PBXGroup;
			children = (
				3F8DAD472AD072900038A967 /* WellUITests.swift */,
				3F8DAD492AD072900038A967 /* WellUITestsLaunchTests.swift */,
			);
			path = WellUITests;
			sourceTree = "<group>";
		};
/* End PBXGroup section */

/* Begin PBXNativeTarget section */
		3F8DAD272AD0728F0038A967 /* Well */ = {
			isa = PBXNativeTarget;
			buildConfigurationList = 3F8DAD4D2AD072900038A967 /* Build configuration list for PBXNativeTarget "Well" */;
			buildPhases = (
				3F8DAD242AD0728F0038A967 /* Sources */,
				3F8DAD252AD0728F0038A967 /* Frameworks */,
				3F8DAD262AD0728F0038A967 /* Resources */,
			);
			buildRules = (
			);
			dependencies = (
			);
			name = Well;
			productName = Well;
			productReference = 3F8DAD282AD0728F0038A967 /* Well.app */;
			productType = "com.apple.product-type.application";
		};
		3F8DAD382AD072900038A967 /* WellTests */ = {
			isa = PBXNativeTarget;
			buildConfigurationList = 3F8DAD502AD072900038A967 /* Build configuration list for PBXNativeTarget "WellTests" */;
			buildPhases = (
				3F8DAD352AD072900038A967 /* Sources */,
				3F8DAD362AD072900038A967 /* Frameworks */,
				3F8DAD372AD072900038A967 /* Resources */,
			);
			buildRules = (
			);
			dependencies = (
				3F8DAD3B2AD072900038A967 /* PBXTargetDependency */,
			);
			name = WellTests;
			productName = WellTests;
			productReference = 3F8DAD392AD072900038A967 /* WellTests.xctest */;
			productType = "com.apple.product-type.bundle.unit-test";
		};
		3F8DAD422AD072900038A967 /* WellUITests */ = {
			isa = PBXNativeTarget;
			buildConfigurationList = 3F8DAD532AD072900038A967 /* Build configuration list for PBXNativeTarget "WellUITests" */;
			buildPhases = (
				3F8DAD3F2AD072900038A967 /* Sources */,
				3F8DAD402AD072900038A967 /* Frameworks */,
				3F8DAD412AD072900038A967 /* Resources */,
			);
			buildRules = (
			);
			dependencies = (
				3F8DAD452AD072900038A967 /* PBXTargetDependency */,
			);
			name = WellUITests;
			productName = WellUITests;
			productReference = 3F8DAD432AD072900038A967 /* WellUITests.xctest */;
			productType = "com.apple.product-type.bundle.ui-testing";
		};
/* End PBXNativeTarget section */

/* Begin PBXProject section */
		3F8DAD202AD0728F0038A967 /* Project object */ = {
			isa = PBXProject;
			attributes = {
				BuildIndependentTargetsInParallel = 1;
				LastSwiftUpdateCheck = 1500;
				LastUpgradeCheck = 1500;
				TargetAttributes = {
					3F8DAD272AD0728F0038A967 = {
						CreatedOnToolsVersion = 15.0;
					};
					3F8DAD382AD072900038A967 = {
						CreatedOnToolsVersion = 15.0;
						TestTargetID = 3F8DAD272AD0728F0038A967;
					};
					3F8DAD422AD072900038A967 = {
						CreatedOnToolsVersion = 15.0;
						TestTargetID = 3F8DAD272AD0728F0038A967;
					};
				};
			};
			buildConfigurationList = 3F8DAD232AD0728F0038A967 /* Build configuration list for PBXProject "Well" */;
			compatibilityVersion = "Xcode 14.0";
			developmentRegion = en;
			hasScannedForEncodings = 0;
			knownRegions = (
				en,
				Base,
			);
			mainGroup = 3F8DAD1F2AD0728F0038A967;
			productRefGroup = 3F8DAD292AD0728F0038A967 /* Products */;
			projectDirPath = "";
			projectRoot = "";
			targets = (
				3F8DAD272AD0728F0038A967 /* Well */,
				3F8DAD382AD072900038A967 /* WellTests */,
				3F8DAD422AD072900038A967 /* WellUITests */,
			);
		};
/* End PBXProject section */

/* Begin PBXResourcesBuildPhase section */
		3F8DAD262AD0728F0038A967 /* Resources */ = {
			isa = PBXResourcesBuildPhase;
			buildActionMask = 2147483647;
			files = (
				3F8DAD342AD072900038A967 /* Preview Assets.xcassets in Resources */,
				3F8DAD302AD072900038A967 /* Assets.xcassets in Resources */,
			);
			runOnlyForDeploymentPostprocessing = 0;
		};
		3F8DAD372AD072900038A967 /* Resources */ = {
			isa = PBXResourcesBuildPhase;
			buildActionMask = 2147483647;
			files = (
			);
			runOnlyForDeploymentPostprocessing = 0;
		};
		3F8DAD412AD072900038A967 /* Resources */ = {
			isa = PBXResourcesBuildPhase;
			buildActionMask = 2147483647;
			files = (
			);
			runOnlyForDeploymentPostprocessing = 0;
		};
/* End PBXResourcesBuildPhase section */

/* Begin PBXSourcesBuildPhase section */
		3F8DAD242AD0728F0038A967 /* Sources */ = {
			isa = PBXSourcesBuildPhase;
			buildActionMask = 2147483647;
			files = (
				3F8DAD2E2AD0728F0038A967 /* ContentView.swift in Sources */,
				3F8DAD2C2AD0728F0038A967 /* WellApp.swift in Sources */,
			);
			runOnlyForDeploymentPostprocessing = 0;
		};
		3F8DAD352AD072900038A967 /* Sources */ = {
			isa = PBXSourcesBuildPhase;
			buildActionMask = 2147483647;
			files = (
				3F8DAD3E2AD072900038A967 /* WellTests.swift in Sources */,
			);
			runOnlyForDeploymentPostprocessing = 0;
		};
		3F8DAD3F2AD072900038A967 /* Sources */ = {
			isa = PBXSourcesBuildPhase;
			buildActionMask = 2147483647;
			files = (
				3F8DAD4A2AD072900038A967 /* WellUITestsLaunchTests.swift in Sources */,
				3F8DAD482AD072900038A967 /* WellUITests.swift in Sources */,
			);
			runOnlyForDeploymentPostprocessing = 0;
		};
/* End PBXSourcesBuildPhase section */

/* Begin PBXTargetDependency section */
		3F8DAD3B2AD072900038A967 /* PBXTargetDependency */ = {
			isa = PBXTargetDependency;
			target = 3F8DAD272AD0728F0038A967 /* Well */;
			targetProxy = 3F8DAD3A2AD072900038A967 /* PBXContainerItemProxy */;
		};
		3F8DAD452AD072900038A967 /* PBXTargetDependency */ = {
			isa = PBXTargetDependency;
			target = 3F8DAD272AD0728F0038A967 /* Well */;
			targetProxy = 3F8DAD442AD072900038A967 /* PBXContainerItemProxy */;
		};
/* End PBXTargetDependency section */

/* Begin XCBuildConfiguration section */
		3F8DAD4B2AD072900038A967 /* Debug */ = {
			isa = XCBuildConfiguration;
			buildSettings = {
				ALWAYS_SEARCH_USER_PATHS = NO;
				ASSETCATALOG_COMPILER_GENERATE_SWIFT_ASSET_SYMBOL_EXTENSIONS = YES;
				CLANG_ANALYZER_NONNULL = YES;
				CLANG_ANALYZER_NUMBER_OBJECT_CONVERSION = YES_AGGRESSIVE;
				CLANG_CXX_LANGUAGE_STANDARD = "gnu++20";
				CLANG_ENABLE_MODULES = YES;
				CLANG_ENABLE_OBJC_ARC = YES;
				CLANG_ENABLE_OBJC_WEAK = YES;
				CLANG_WARN_BLOCK_CAPTURE_AUTORELEASING = YES;
				CLANG_WARN_BOOL_CONVERSION = YES;
				CLANG_WARN_COMMA = YES;
				CLANG_WARN_CONSTANT_CONVERSION = YES;
				CLANG_WARN_DEPRECATED_OBJC_IMPLEMENTATIONS = YES;
				CLANG_WARN_DIRECT_OBJC_ISA_USAGE = YES_ERROR;
				CLANG_WARN_DOCUMENTATION_COMMENTS = YES;
				CLANG_WARN_EMPTY_BODY = YES;
				CLANG_WARN_ENUM_CONVERSION = YES;
				CLANG_WARN_INFINITE_RECURSION = YES;
				CLANG_WARN_INT_CONVERSION = YES;
				CLANG_WARN_NON_LITERAL_NULL_CONVERSION = YES;
				CLANG_WARN_OBJC_IMPLICIT_RETAIN_SELF = YES;
				CLANG_WARN_OBJC_LITERAL_CONVERSION = YES;
				CLANG_WARN_OBJC_ROOT_CLASS = YES_ERROR;
				CLANG_WARN_QUOTED_INCLUDE_IN_FRAMEWORK_HEADER = YES;
				CLANG_WARN_RANGE_LOOP_ANALYSIS = YES;
				CLANG_WARN_STRICT_PROTOTYPES = YES;
				CLANG_WARN_SUSPICIOUS_MOVE = YES;
				CLANG_WARN_UNGUARDED_AVAILABILITY = YES_AGGRESSIVE;
				CLANG_WARN_UNREACHABLE_CODE = YES;
				CLANG_WARN__DUPLICATE_METHOD_MATCH = YES;
				COPY_PHASE_STRIP = NO;
				DEBUG_INFORMATION_FORMAT = dwarf;
				ENABLE_STRICT_OBJC_MSGSEND = YES;
				ENABLE_TESTABILITY = YES;
				ENABLE_USER_SCRIPT_SANDBOXING = YES;
				GCC_C_LANGUAGE_STANDARD = gnu17;
				GCC_DYNAMIC_NO_PIC = NO;
				GCC_NO_COMMON_BLOCKS = YES;
				GCC_OPTIMIZATION_LEVEL = 0;
				GCC_PREPROCESSOR_DEFINITIONS = (
					"DEBUG=1",
					"$(inherited)",
				);
				GCC_WARN_64_TO_32_BIT_CONVERSION = YES;
				GCC_WARN_ABOUT_RETURN_TYPE = YES_ERROR;
				GCC_WARN_UNDECLARED_SELECTOR = YES;
				GCC_WARN_UNINITIALIZED_AUTOS = YES_AGGRESSIVE;
				GCC_WARN_UNUSED_FUNCTION = YES;
				GCC_WARN_UNUSED_VARIABLE = YES;
				LOCALIZATION_PREFERS_STRING_CATALOGS = YES;
				MTL_ENABLE_DEBUG_INFO = INCLUDE_SOURCE;
				MTL_FAST_MATH = YES;
				ONLY_ACTIVE_ARCH = YES;
				SWIFT_ACTIVE_COMPILATION_CONDITIONS = "DEBUG $(inherited)";
				SWIFT_OPTIMIZATION_LEVEL = "-Onone";
			};
			name = Debug;
		};
		3F8DAD4C2AD072900038A967 /* Release */ = {
			isa = XCBuildConfiguration;
			buildSettings = {
				ALWAYS_SEARCH_USER_PATHS = NO;
				ASSETCATALOG_COMPILER_GENERATE_SWIFT_ASSET_SYMBOL_EXTENSIONS = YES;
				CLANG_ANALYZER_NONNULL = YES;
				CLANG_ANALYZER_NUMBER_OBJECT_CONVERSION = YES_AGGRESSIVE;
				CLANG_CXX_LANGUAGE_STANDARD = "gnu++20";
				CLANG_ENABLE_MODULES = YES;
				CLANG_ENABLE_OBJC_ARC = YES;
				CLANG_ENABLE_OBJC_WEAK = YES;
				CLANG_WARN_BLOCK_CAPTURE_AUTORELEASING = YES;
				CLANG_WARN_BOOL_CONVERSION = YES;
				CLANG_WARN_COMMA = YES;
				CLANG_WARN_CONSTANT_CONVERSION = YES;
				CLANG_WARN_DEPRECATED_OBJC_IMPLEMENTATIONS = YES;
				CLANG_WARN_DIRECT_OBJC_ISA_USAGE = YES_ERROR;
				CLANG_WARN_DOCUMENTATION_COMMENTS = YES;
				CLANG_WARN_EMPTY_BODY = YES;
				CLANG_WARN_ENUM_CONVERSION = YES;
				CLANG_WARN_INFINITE_RECURSION = YES;
				CLANG_WARN_INT_CONVERSION = YES;
				CLANG_WARN_NON_LITERAL_NULL_CONVERSION = YES;
				CLANG_WARN_OBJC_IMPLICIT_RETAIN_SELF = YES;
				CLANG_WARN_OBJC_LITERAL_CONVERSION = YES;
				CLANG_WARN_OBJC_ROOT_CLASS = YES_ERROR;
				CLANG_WARN_QUOTED_INCLUDE_IN_FRAMEWORK_HEADER = YES;
				CLANG_WARN_RANGE_LOOP_ANALYSIS = YES;
				CLANG_WARN_STRICT_PROTOTYPES = YES;
				CLANG_WARN_SUSPICIOUS_MOVE = YES;
				CLANG_WARN_UNGUARDED_AVAILABILITY = YES_AGGRESSIVE;
				CLANG_WARN_UNREACHABLE_CODE = YES;
				CLANG_WARN__DUPLICATE_METHOD_MATCH = YES;
				COPY_PHASE_STRIP = NO;
				DEBUG_INFORMATION_FORMAT = "dwarf-with-dsym";
				ENABLE_NS_ASSERTIONS = NO;
				ENABLE_STRICT_OBJC_MSGSEND = YES;
				ENABLE_USER_SCRIPT_SANDBOXING = YES;
				GCC_C_LANGUAGE_STANDARD = gnu17;
				GCC_NO_COMMON_BLOCKS = YES;
				GCC_WARN_64_TO_32_BIT_CONVERSION = YES;
				GCC_WARN_ABOUT_RETURN_TYPE = YES_ERROR;
				GCC_WARN_UNDECLARED_SELECTOR = YES;
				GCC_WARN_UNINITIALIZED_AUTOS = YES_AGGRESSIVE;
				GCC_WARN_UNUSED_FUNCTION = YES;
				GCC_WARN_UNUSED_VARIABLE = YES;
				LOCALIZATION_PREFERS_STRING_CATALOGS = YES;
				MTL_ENABLE_DEBUG_INFO = NO;
				MTL_FAST_MATH = YES;
				SWIFT_COMPILATION_MODE = wholemodule;
			};
			name = Release;
		};
		3F8DAD4E2AD072900038A967 /* Debug */ = {
			isa = XCBuildConfiguration;
			buildSettings = {
				ASSETCATALOG_COMPILER_APPICON_NAME = AppIcon;
				ASSETCATALOG_COMPILER_GLOBAL_ACCENT_COLOR_NAME = AccentColor;
				CODE_SIGN_ENTITLEMENTS = Well/Well.entitlements;
				CODE_SIGN_STYLE = Automatic;
				CURRENT_PROJECT_VERSION = 1;
				DEVELOPMENT_ASSET_PATHS = "\"Well/Preview Content\"";
				ENABLE_PREVIEWS = YES;
				GENERATE_INFOPLIST_FILE = YES;
				"INFOPLIST_KEY_UIApplicationSceneManifest_Generation[sdk=iphoneos*]" = YES;
				"INFOPLIST_KEY_UIApplicationSceneManifest_Generation[sdk=iphonesimulator*]" = YES;
				"INFOPLIST_KEY_UIApplicationSupportsIndirectInputEvents[sdk=iphoneos*]" = YES;
				"INFOPLIST_KEY_UIApplicationSupportsIndirectInputEvents[sdk=iphonesimulator*]" = YES;
				"INFOPLIST_KEY_UILaunchScreen_Generation[sdk=iphoneos*]" = YES;
				"INFOPLIST_KEY_UILaunchScreen_Generation[sdk=iphonesimulator*]" = YES;
				"INFOPLIST_KEY_UIStatusBarStyle[sdk=iphoneos*]" = UIStatusBarStyleDefault;
				"INFOPLIST_KEY_UIStatusBarStyle[sdk=iphonesimulator*]" = UIStatusBarStyleDefault;
				INFOPLIST_KEY_UISupportedInterfaceOrientations_iPad = "UIInterfaceOrientationPortrait UIInterfaceOrientationPortraitUpsideDown UIInterfaceOrientationLandscapeLeft UIInterfaceOrientationLandscapeRight";
				INFOPLIST_KEY_UISupportedInterfaceOrientations_iPhone = "UIInterfaceOrientationPortrait UIInterfaceOrientationLandscapeLeft UIInterfaceOrientationLandscapeRight";
				IPHONEOS_DEPLOYMENT_TARGET = 17.0;
				LD_RUNPATH_SEARCH_PATHS = "@executable_path/Frameworks";
				"LD_RUNPATH_SEARCH_PATHS[sdk=macosx*]" = "@executable_path/../Frameworks";
				MACOSX_DEPLOYMENT_TARGET = 13.5;
				MARKETING_VERSION = 1.0;
				PRODUCT_BUNDLE_IDENTIFIER = TheForce.Well;
				PRODUCT_NAME = "$(TARGET_NAME)";
				SDKROOT = auto;
				SUPPORTED_PLATFORMS = "iphoneos iphonesimulator macosx";
				SWIFT_EMIT_LOC_STRINGS = YES;
				SWIFT_VERSION = 5.0;
				TARGETED_DEVICE_FAMILY = "1,2";
			};
			name = Debug;
		};
		3F8DAD4F2AD072900038A967 /* Release */ = {
			isa = XCBuildConfiguration;
			buildSettings = {
				ASSETCATALOG_COMPILER_APPICON_NAME = AppIcon;
				ASSETCATALOG_COMPILER_GLOBAL_ACCENT_COLOR_NAME = AccentColor;
				CODE_SIGN_ENTITLEMENTS = Well/Well.entitlements;
				CODE_SIGN_STYLE = Automatic;
				CURRENT_PROJECT_VERSION = 1;
				DEVELOPMENT_ASSET_PATHS = "\"Well/Preview Content\"";
				ENABLE_PREVIEWS = YES;
				GENERATE_INFOPLIST_FILE = YES;
				"INFOPLIST_KEY_UIApplicationSceneManifest_Generation[sdk=iphoneos*]" = YES;
				"INFOPLIST_KEY_UIApplicationSceneManifest_Generation[sdk=iphonesimulator*]" = YES;
				"INFOPLIST_KEY_UIApplicationSupportsIndirectInputEvents[sdk=iphoneos*]" = YES;
				"INFOPLIST_KEY_UIApplicationSupportsIndirectInputEvents[sdk=iphonesimulator*]" = YES;
				"INFOPLIST_KEY_UILaunchScreen_Generation[sdk=iphoneos*]" = YES;
				"INFOPLIST_KEY_UILaunchScreen_Generation[sdk=iphonesimulator*]" = YES;
				"INFOPLIST_KEY_UIStatusBarStyle[sdk=iphoneos*]" = UIStatusBarStyleDefault;
				"INFOPLIST_KEY_UIStatusBarStyle[sdk=iphonesimulator*]" = UIStatusBarStyleDefault;
				INFOPLIST_KEY_UISupportedInterfaceOrientations_iPad = "UIInterfaceOrientationPortrait UIInterfaceOrientationPortraitUpsideDown UIInterfaceOrientationLandscapeLeft UIInterfaceOrientationLandscapeRight";
				INFOPLIST_KEY_UISupportedInterfaceOrientations_iPhone = "UIInterfaceOrientationPortrait UIInterfaceOrientationLandscapeLeft UIInterfaceOrientationLandscapeRight";
				IPHONEOS_DEPLOYMENT_TARGET = 17.0;
				LD_RUNPATH_SEARCH_PATHS = "@executable_path/Frameworks";
				"LD_RUNPATH_SEARCH_PATHS[sdk=macosx*]" = "@executable_path/../Frameworks";
				MACOSX_DEPLOYMENT_TARGET = 13.5;
				MARKETING_VERSION = 1.0;
				PRODUCT_BUNDLE_IDENTIFIER = TheForce.Well;
				PRODUCT_NAME = "$(TARGET_NAME)";
				SDKROOT = auto;
				SUPPORTED_PLATFORMS = "iphoneos iphonesimulator macosx";
				SWIFT_EMIT_LOC_STRINGS = YES;
				SWIFT_VERSION = 5.0;
				TARGETED_DEVICE_FAMILY = "1,2";
			};
			name = Release;
		};
		3F8DAD512AD072900038A967 /* Debug */ = {
			isa = XCBuildConfiguration;
			buildSettings = {
				ALWAYS_EMBED_SWIFT_STANDARD_LIBRARIES = YES;
				BUNDLE_LOADER = "$(TEST_HOST)";
				CODE_SIGN_STYLE = Automatic;
				CURRENT_PROJECT_VERSION = 1;
				GENERATE_INFOPLIST_FILE = YES;
				IPHONEOS_DEPLOYMENT_TARGET = 17.0;
				MACOSX_DEPLOYMENT_TARGET = 13.5;
				MARKETING_VERSION = 1.0;
				PRODUCT_BUNDLE_IDENTIFIER = TheForce.WellTests;
				PRODUCT_NAME = "$(TARGET_NAME)";
				SDKROOT = auto;
				SUPPORTED_PLATFORMS = "iphoneos iphonesimulator macosx";
				SWIFT_EMIT_LOC_STRINGS = NO;
				SWIFT_VERSION = 5.0;
				TARGETED_DEVICE_FAMILY = "1,2";
				TEST_HOST = "$(BUILT_PRODUCTS_DIR)/Well.app/$(BUNDLE_EXECUTABLE_FOLDER_PATH)/Well";
			};
			name = Debug;
		};
		3F8DAD522AD072900038A967 /* Release */ = {
			isa = XCBuildConfiguration;
			buildSettings = {
				ALWAYS_EMBED_SWIFT_STANDARD_LIBRARIES = YES;
				BUNDLE_LOADER = "$(TEST_HOST)";
				CODE_SIGN_STYLE = Automatic;
				CURRENT_PROJECT_VERSION = 1;
				GENERATE_INFOPLIST_FILE = YES;
				IPHONEOS_DEPLOYMENT_TARGET = 17.0;
				MACOSX_DEPLOYMENT_TARGET = 13.5;
				MARKETING_VERSION = 1.0;
				PRODUCT_BUNDLE_IDENTIFIER = TheForce.WellTests;
				PRODUCT_NAME = "$(TARGET_NAME)";
				SDKROOT = auto;
				SUPPORTED_PLATFORMS = "iphoneos iphonesimulator macosx";
				SWIFT_EMIT_LOC_STRINGS = NO;
				SWIFT_VERSION = 5.0;
				TARGETED_DEVICE_FAMILY = "1,2";
				TEST_HOST = "$(BUILT_PRODUCTS_DIR)/Well.app/$(BUNDLE_EXECUTABLE_FOLDER_PATH)/Well";
			};
			name = Release;
		};
		3F8DAD542AD072900038A967 /* Debug */ = {
			isa = XCBuildConfiguration;
			buildSettings = {
				ALWAYS_EMBED_SWIFT_STANDARD_LIBRARIES = YES;
				CODE_SIGN_STYLE = Automatic;
				CURRENT_PROJECT_VERSION = 1;
				GENERATE_INFOPLIST_FILE = YES;
				IPHONEOS_DEPLOYMENT_TARGET = 17.0;
				MACOSX_DEPLOYMENT_TARGET = 13.5;
				MARKETING_VERSION = 1.0;
				PRODUCT_BUNDLE_IDENTIFIER = TheForce.WellUITests;
				PRODUCT_NAME = "$(TARGET_NAME)";
				SDKROOT = auto;
				SUPPORTED_PLATFORMS = "iphoneos iphonesimulator macosx";
				SWIFT_EMIT_LOC_STRINGS = NO;
				SWIFT_VERSION = 5.0;
				TARGETED_DEVICE_FAMILY = "1,2";
				TEST_TARGET_NAME = Well;
			};
			name = Debug;
		};
		3F8DAD552AD072900038A967 /* Release */ = {
			isa = XCBuildConfiguration;
			buildSettings = {
				ALWAYS_EMBED_SWIFT_STANDARD_LIBRARIES = YES;
				CODE_SIGN_STYLE = Automatic;
				CURRENT_PROJECT_VERSION = 1;
				GENERATE_INFOPLIST_FILE = YES;
				IPHONEOS_DEPLOYMENT_TARGET = 17.0;
				MACOSX_DEPLOYMENT_TARGET = 13.5;
				MARKETING_VERSION = 1.0;
				PRODUCT_BUNDLE_IDENTIFIER = TheForce.WellUITests;
				PRODUCT_NAME = "$(TARGET_NAME)";
				SDKROOT = auto;
				SUPPORTED_PLATFORMS = "iphoneos iphonesimulator macosx";
				SWIFT_EMIT_LOC_STRINGS = NO;
				SWIFT_VERSION = 5.0;
				TARGETED_DEVICE_FAMILY = "1,2";
				TEST_TARGET_NAME = Well;
			};
			name = Release;
		};
/* End XCBuildConfiguration section */

/* Begin XCConfigurationList section */
		3F8DAD232AD0728F0038A967 /* Build configuration list for PBXProject "Well" */ = {
			isa = XCConfigurationList;
			buildConfigurations = (
				3F8DAD4B2AD072900038A967 /* Debug */,
				3F8DAD4C2AD072900038A967 /* Release */,
			);
			defaultConfigurationIsVisible = 0;
			defaultConfigurationName = Release;
		};
		3F8DAD4D2AD072900038A967 /* Build configuration list for PBXNativeTarget "Well" */ = {
			isa = XCConfigurationList;
			buildConfigurations = (
				3F8DAD4E2AD072900038A967 /* Debug */,
				3F8DAD4F2AD072900038A967 /* Release */,
			);
			defaultConfigurationIsVisible = 0;
			defaultConfigurationName = Release;
		};
		3F8DAD502AD072900038A967 /* Build configuration list for PBXNativeTarget "WellTests" */ = {
			isa = XCConfigurationList;
			buildConfigurations = (
				3F8DAD512AD072900038A967 /* Debug */,
				3F8DAD522AD072900038A967 /* Release */,
			);
			defaultConfigurationIsVisible = 0;
			defaultConfigurationName = Release;
		};
		3F8DAD532AD072900038A967 /* Build configuration list for PBXNativeTarget "WellUITests" */ = {
			isa = XCConfigurationList;
			buildConfigurations = (
				3F8DAD542AD072900038A967 /* Debug */,
				3F8DAD552AD072900038A967 /* Release */,
			);
			defaultConfigurationIsVisible = 0;
			defaultConfigurationName = Release;
		};
/* End XCConfigurationList section */
	};
	rootObject = 3F8DAD202AD0728F0038A967 /* Project object */;
}
